
Microsoft Visual Studio Solution File, Format Version 12.00
# Visual Studio 15
VisualStudioVersion = 15.0.27703.2047
MinimumVisualStudioVersion = 10.0.40219.1
Project("{9A19103F-16F7-4668-BE54-9A1E7A4F7556}") = "AllMathFromSimpleProgramming", "AllMathFromSimpleProgramming.csproj", "{63AAD229-0B8A-471A-9158-B22704E7B3BB}"
EndProject
Global
	GlobalSection(SolutionConfigurationPlatforms) = preSolution
		Debug|Any CPU = Debug|Any CPU
		Release|Any CPU = Release|Any CPU
	EndGlobalSection
	GlobalSection(ProjectConfigurationPlatforms) = postSolution
		{63AAD229-0B8A-471A-9158-B22704E7B3BB}.Debug|Any CPU.ActiveCfg = Debug|Any CPU
		{63AAD229-0B8A-471A-9158-B22704E7B3BB}.Debug|Any CPU.Build.0 = Debug|Any CPU
		{63AAD229-0B8A-471A-9158-B22704E7B3BB}.Release|Any CPU.ActiveCfg = Release|Any CPU
		{63AAD229-0B8A-471A-9158-B22704E7B3BB}.Release|Any CPU.Build.0 = Release|Any CPU
	EndGlobalSection
	GlobalSection(SolutionProperties) = preSolution
		HideSolutionNode = FALSE
	EndGlobalSection
	GlobalSection(ExtensibilityGlobals) = postSolution
		SolutionGuid = {8CE9F783-1A76-481D-AFAD-26C81B4534DB}
	EndGlobalSection
EndGlobal
